
Microsoft Visual Studio Solution File, Format Version 12.00
# Visual Studio 15
Project("{FAE04EC0-301F-11D3-BF4B-00C04F79EFBC}") = "FastlaneSnapshotXamarin", "FastlaneSnapshotXamarin\FastlaneSnapshotXamarin.csproj", "{C0C9867B-70A3-4109-9221-66DAE84D416C}"
EndProject
Global
	GlobalSection(SolutionConfigurationPlatforms) = preSolution
		Debug|iPhoneSimulator = Debug|iPhoneSimulator
		Release|iPhone = Release|iPhone
		Release|iPhoneSimulator = Release|iPhoneSimulator
		Debug|iPhone = Debug|iPhone
	EndGlobalSection
	GlobalSection(ProjectConfigurationPlatforms) = postSolution
		{C0C9867B-70A3-4109-9221-66DAE84D416C}.Debug|iPhoneSimulator.ActiveCfg = Debug|iPhoneSimulator
		{C0C9867B-70A3-4109-9221-66DAE84D416C}.Debug|iPhoneSimulator.Build.0 = Debug|iPhoneSimulator
		{C0C9867B-70A3-4109-9221-66DAE84D416C}.Release|iPhone.ActiveCfg = Release|iPhone
		{C0C9867B-70A3-4109-9221-66DAE84D416C}.Release|iPhone.Build.0 = Release|iPhone
		{C0C9867B-70A3-4109-9221-66DAE84D416C}.Release|iPhoneSimulator.ActiveCfg = Release|iPhoneSimulator
		{C0C9867B-70A3-4109-9221-66DAE84D416C}.Release|iPhoneSimulator.Build.0 = Release|iPhoneSimulator
		{C0C9867B-70A3-4109-9221-66DAE84D416C}.Debug|iPhone.ActiveCfg = Debug|iPhone
		{C0C9867B-70A3-4109-9221-66DAE84D416C}.Debug|iPhone.Build.0 = Debug|iPhone
	EndGlobalSection
EndGlobal
