// !$*UTF8*$!
{
	archiveVersion = 1;
	classes = {
	};
	objectVersion = 50;
	objects = {

/* Begin PBXBuildFile section */
		47C062C521CD40AC007E6EE1 /* AppDelegate.swift in Sources */ = {isa = PBXBuildFile; fileRef = 47C062C421CD40AC007E6EE1 /* AppDelegate.swift */; };
		47C062C721CD40AC007E6EE1 /* ViewController.swift in Sources */ = {isa = PBXBuildFile; fileRef = 47C062C621CD40AC007E6EE1 /* ViewController.swift */; };
		47C062CA21CD40AC007E6EE1 /* Main.storyboard in Resources */ = {isa = PBXBuildFile; fileRef = 47C062C821CD40AC007E6EE1 /* Main.storyboard */; };
		47C062CC21CD40AD007E6EE1 /* Assets.xcassets in Resources */ = {isa = PBXBuildFile; fileRef = 47C062CB21CD40AD007E6EE1 /* Assets.xcassets */; };
		47C062CF21CD40AD007E6EE1 /* LaunchScreen.storyboard in Resources */ = {isa = PBXBuildFile; fileRef = 47C062CD21CD40AD007E6EE1 /* LaunchScreen.storyboard */; };
		47C062DA21CD40AD007E6EE1 /* FastlaneSnapshotXamarinTestUITests.swift in Sources */ = {isa = PBXBuildFile; fileRef = 47C062D921CD40AD007E6EE1 /* FastlaneSnapshotXamarinTestUITests.swift */; };
/* End PBXBuildFile section */

/* Begin PBXContainerItemProxy section */
		47C062D621CD40AD007E6EE1 /* PBXContainerItemProxy */ = {
			isa = PBXContainerItemProxy;
			containerPortal = 47C062B921CD40AC007E6EE1 /* Project object */;
			proxyType = 1;
			remoteGlobalIDString = 47C062C021CD40AC007E6EE1;
			remoteInfo = FastlaneSnapshotXamarinTest;
		};
/* End PBXContainerItemProxy section */

/* Begin PBXFileReference section */
		47C062C121CD40AC007E6EE1 /* FastlaneSnapshotXamarinTest.app */ = {isa = PBXFileReference; explicitFileType = wrapper.application; includeInIndex = 0; path = FastlaneSnapshotXamarinTest.app; sourceTree = BUILT_PRODUCTS_DIR; };
		47C062C421CD40AC007E6EE1 /* AppDelegate.swift */ = {isa = PBXFileReference; lastKnownFileType = sourcecode.swift; path = AppDelegate.swift; sourceTree = "<group>"; };
		47C062C621CD40AC007E6EE1 /* ViewController.swift */ = {isa = PBXFileReference; lastKnownFileType = sourcecode.swift; path = ViewController.swift; sourceTree = "<group>"; };
		47C062C921CD40AC007E6EE1 /* Base */ = {isa = PBXFileReference; lastKnownFileType = file.storyboard; name = Base; path = Base.lproj/Main.storyboard; sourceTree = "<group>"; };
		47C062CB21CD40AD007E6EE1 /* Assets.xcassets */ = {isa = PBXFileReference; lastKnownFileType = folder.assetcatalog; path = Assets.xcassets; sourceTree = "<group>"; };
		47C062CE21CD40AD007E6EE1 /* Base */ = {isa = PBXFileReference; lastKnownFileType = file.storyboard; name = Base; path = Base.lproj/LaunchScreen.storyboard; sourceTree = "<group>"; };
		47C062D021CD40AD007E6EE1 /* Info.plist */ = {isa = PBXFileReference; lastKnownFileType = text.plist.xml; path = Info.plist; sourceTree = "<group>"; };
		47C062D521CD40AD007E6EE1 /* FastlaneSnapshotXamarinTestUITests.xctest */ = {isa = PBXFileReference; explicitFileType = wrapper.cfbundle; includeInIndex = 0; path = FastlaneSnapshotXamarinTestUITests.xctest; sourceTree = BUILT_PRODUCTS_DIR; };
		47C062D921CD40AD007E6EE1 /* FastlaneSnapshotXamarinTestUITests.swift */ = {isa = PBXFileReference; lastKnownFileType = sourcecode.swift; path = FastlaneSnapshotXamarinTestUITests.swift; sourceTree = "<group>"; };
		47C062DB21CD40AD007E6EE1 /* Info.plist */ = {isa = PBXFileReference; lastKnownFileType = text.plist.xml; path = Info.plist; sourceTree = "<group>"; };
/* End PBXFileReference section */

/* Begin PBXFrameworksBuildPhase section */
		47C062BE21CD40AC007E6EE1 /* Frameworks */ = {
			isa = PBXFrameworksBuildPhase;
			buildActionMask = 2147483647;
			files = (
			);
			runOnlyForDeploymentPostprocessing = 0;
		};
		47C062D221CD40AD007E6EE1 /* Frameworks */ = {
			isa = PBXFrameworksBuildPhase;
			buildActionMask = 2147483647;
			files = (
			);
			runOnlyForDeploymentPostprocessing = 0;
		};
/* End PBXFrameworksBuildPhase section */

/* Begin PBXGroup section */
		47C062B821CD40AC007E6EE1 = {
			isa = PBXGroup;
			children = (
				47C062C321CD40AC007E6EE1 /* FastlaneSnapshotXamarinTest */,
				47C062D821CD40AD007E6EE1 /* FastlaneSnapshotXamarinTestUITests */,
				47C062C221CD40AC007E6EE1 /* Products */,
			);
			sourceTree = "<group>";
		};
		47C062C221CD40AC007E6EE1 /* Products */ = {
			isa = PBXGroup;
			children = (
				47C062C121CD40AC007E6EE1 /* FastlaneSnapshotXamarinTest.app */,
				47C062D521CD40AD007E6EE1 /* FastlaneSnapshotXamarinTestUITests.xctest */,
			);
			name = Products;
			sourceTree = "<group>";
		};
		47C062C321CD40AC007E6EE1 /* FastlaneSnapshotXamarinTest */ = {
			isa = PBXGroup;
			children = (
				47C062C421CD40AC007E6EE1 /* AppDelegate.swift */,
				47C062C621CD40AC007E6EE1 /* ViewController.swift */,
				47C062C821CD40AC007E6EE1 /* Main.storyboard */,
				47C062CB21CD40AD007E6EE1 /* Assets.xcassets */,
				47C062CD21CD40AD007E6EE1 /* LaunchScreen.storyboard */,
				47C062D021CD40AD007E6EE1 /* Info.plist */,
			);
			path = FastlaneSnapshotXamarinTest;
			sourceTree = "<group>";
		};
		47C062D821CD40AD007E6EE1 /* FastlaneSnapshotXamarinTestUITests */ = {
			isa = PBXGroup;
			children = (
				47C062D921CD40AD007E6EE1 /* FastlaneSnapshotXamarinTestUITests.swift */,
				47C062DB21CD40AD007E6EE1 /* Info.plist */,
			);
			path = FastlaneSnapshotXamarinTestUITests;
			sourceTree = "<group>";
		};
/* End PBXGroup section */

/* Begin PBXNativeTarget section */
		47C062C021CD40AC007E6EE1 /* FastlaneSnapshotXamarinTest */ = {
			isa = PBXNativeTarget;
			buildConfigurationList = 47C062DE21CD40AD007E6EE1 /* Build configuration list for PBXNativeTarget "FastlaneSnapshotXamarinTest" */;
			buildPhases = (
				47C062BD21CD40AC007E6EE1 /* Sources */,
				47C062BE21CD40AC007E6EE1 /* Frameworks */,
				47C062BF21CD40AC007E6EE1 /* Resources */,
			);
			buildRules = (
			);
			dependencies = (
			);
			name = FastlaneSnapshotXamarinTest;
			productName = FastlaneSnapshotXamarinTest;
			productReference = 47C062C121CD40AC007E6EE1 /* FastlaneSnapshotXamarinTest.app */;
			productType = "com.apple.product-type.application";
		};
		47C062D421CD40AD007E6EE1 /* FastlaneSnapshotXamarinTestUITests */ = {
			isa = PBXNativeTarget;
			buildConfigurationList = 47C062E121CD40AD007E6EE1 /* Build configuration list for PBXNativeTarget "FastlaneSnapshotXamarinTestUITests" */;
			buildPhases = (
				47C062D121CD40AD007E6EE1 /* Sources */,
				47C062D221CD40AD007E6EE1 /* Frameworks */,
				47C062D321CD40AD007E6EE1 /* Resources */,
			);
			buildRules = (
			);
			dependencies = (
				47C062D721CD40AD007E6EE1 /* PBXTargetDependency */,
			);
			name = FastlaneSnapshotXamarinTestUITests;
			productName = FastlaneSnapshotXamarinTestUITests;
			productReference = 47C062D521CD40AD007E6EE1 /* FastlaneSnapshotXamarinTestUITests.xctest */;
			productType = "com.apple.product-type.bundle.ui-testing";
		};
/* End PBXNativeTarget section */

/* Begin PBXProject section */
		47C062B921CD40AC007E6EE1 /* Project object */ = {
			isa = PBXProject;
			attributes = {
				LastSwiftUpdateCheck = 1010;
				LastUpgradeCheck = 1010;
				ORGANIZATIONNAME = "Bohdan Hrybach";
				TargetAttributes = {
					47C062C021CD40AC007E6EE1 = {
						CreatedOnToolsVersion = 10.1;
					};
					47C062D421CD40AD007E6EE1 = {
						CreatedOnToolsVersion = 10.1;
						TestTargetID = 47C062C021CD40AC007E6EE1;
					};
				};
			};
			buildConfigurationList = 47C062BC21CD40AC007E6EE1 /* Build configuration list for PBXProject "FastlaneSnapshotXamarinTest" */;
			compatibilityVersion = "Xcode 9.3";
			developmentRegion = en;
			hasScannedForEncodings = 0;
			knownRegions = (
				en,
				Base,
			);
			mainGroup = 47C062B821CD40AC007E6EE1;
			productRefGroup = 47C062C221CD40AC007E6EE1 /* Products */;
			projectDirPath = "";
			projectRoot = "";
			targets = (
				47C062C021CD40AC007E6EE1 /* FastlaneSnapshotXamarinTest */,
				47C062D421CD40AD007E6EE1 /* FastlaneSnapshotXamarinTestUITests */,
			);
		};
/* End PBXProject section */

/* Begin PBXResourcesBuildPhase section */
		47C062BF21CD40AC007E6EE1 /* Resources */ = {
			isa = PBXResourcesBuildPhase;
			buildActionMask = 2147483647;
			files = (
				47C062CF21CD40AD007E6EE1 /* LaunchScreen.storyboard in Resources */,
				47C062CC21CD40AD007E6EE1 /* Assets.xcassets in Resources */,
				47C062CA21CD40AC007E6EE1 /* Main.storyboard in Resources */,
			);
			runOnlyForDeploymentPostprocessing = 0;
		};
		47C062D321CD40AD007E6EE1 /* Resources */ = {
			isa = PBXResourcesBuildPhase;
			buildActionMask = 2147483647;
			files = (
			);
			runOnlyForDeploymentPostprocessing = 0;
		};
/* End PBXResourcesBuildPhase section */

/* Begin PBXSourcesBuildPhase section */
		47C062BD21CD40AC007E6EE1 /* Sources */ = {
			isa = PBXSourcesBuildPhase;
			buildActionMask = 2147483647;
			files = (
				47C062C721CD40AC007E6EE1 /* ViewController.swift in Sources */,
				47C062C521CD40AC007E6EE1 /* AppDelegate.swift in Sources */,
			);
			runOnlyForDeploymentPostprocessing = 0;
		};
		47C062D121CD40AD007E6EE1 /* Sources */ = {
			isa = PBXSourcesBuildPhase;
			buildActionMask = 2147483647;
			files = (
				47C062DA21CD40AD007E6EE1 /* FastlaneSnapshotXamarinTestUITests.swift in Sources */,
			);
			runOnlyForDeploymentPostprocessing = 0;
		};
/* End PBXSourcesBuildPhase section */

/* Begin PBXTargetDependency section */
		47C062D721CD40AD007E6EE1 /* PBXTargetDependency */ = {
			isa = PBXTargetDependency;
			target = 47C062C021CD40AC007E6EE1 /* FastlaneSnapshotXamarinTest */;
			targetProxy = 47C062D621CD40AD007E6EE1 /* PBXContainerItemProxy */;
		};
/* End PBXTargetDependency section */

/* Begin PBXVariantGroup section */
		47C062C821CD40AC007E6EE1 /* Main.storyboard */ = {
			isa = PBXVariantGroup;
			children = (
				47C062C921CD40AC007E6EE1 /* Base */,
			);
			name = Main.storyboard;
			sourceTree = "<group>";
		};
		47C062CD21CD40AD007E6EE1 /* LaunchScreen.storyboard */ = {
			isa = PBXVariantGroup;
			children = (
				47C062CE21CD40AD007E6EE1 /* Base */,
			);
			name = LaunchScreen.storyboard;
			sourceTree = "<group>";
		};
/* End PBXVariantGroup section */

/* Begin XCBuildConfiguration section */
		47C062DC21CD40AD007E6EE1 /* Debug */ = {
			isa = XCBuildConfiguration;
			buildSettings = {
				ALWAYS_SEARCH_USER_PATHS = NO;
				CLANG_ANALYZER_NONNULL = YES;
				CLANG_ANALYZER_NUMBER_OBJECT_CONVERSION = YES_AGGRESSIVE;
				CLANG_CXX_LANGUAGE_STANDARD = "gnu++14";
				CLANG_CXX_LIBRARY = "libc++";
				CLANG_ENABLE_MODULES = YES;
				CLANG_ENABLE_OBJC_ARC = YES;
				CLANG_ENABLE_OBJC_WEAK = YES;
				CLANG_WARN_BLOCK_CAPTURE_AUTORELEASING = YES;
				CLANG_WARN_BOOL_CONVERSION = YES;
				CLANG_WARN_COMMA = YES;
				CLANG_WARN_CONSTANT_CONVERSION = YES;
				CLANG_WARN_DEPRECATED_OBJC_IMPLEMENTATIONS = YES;
				CLANG_WARN_DIRECT_OBJC_ISA_USAGE = YES_ERROR;
				CLANG_WARN_DOCUMENTATION_COMMENTS = YES;
				CLANG_WARN_EMPTY_BODY = YES;
				CLANG_WARN_ENUM_CONVERSION = YES;
				CLANG_WARN_INFINITE_RECURSION = YES;
				CLANG_WARN_INT_CONVERSION = YES;
				CLANG_WARN_NON_LITERAL_NULL_CONVERSION = YES;
				CLANG_WARN_OBJC_IMPLICIT_RETAIN_SELF = YES;
				CLANG_WARN_OBJC_LITERAL_CONVERSION = YES;
				CLANG_WARN_OBJC_ROOT_CLASS = YES_ERROR;
				CLANG_WARN_RANGE_LOOP_ANALYSIS = YES;
				CLANG_WARN_STRICT_PROTOTYPES = YES;
				CLANG_WARN_SUSPICIOUS_MOVE = YES;
				CLANG_WARN_UNGUARDED_AVAILABILITY = YES_AGGRESSIVE;
				CLANG_WARN_UNREACHABLE_CODE = YES;
				CLANG_WARN__DUPLICATE_METHOD_MATCH = YES;
				CODE_SIGN_IDENTITY = "iPhone Developer";
				COPY_PHASE_STRIP = NO;
				DEBUG_INFORMATION_FORMAT = dwarf;
				ENABLE_STRICT_OBJC_MSGSEND = YES;
				ENABLE_TESTABILITY = YES;
				GCC_C_LANGUAGE_STANDARD = gnu11;
				GCC_DYNAMIC_NO_PIC = NO;
				GCC_NO_COMMON_BLOCKS = YES;
				GCC_OPTIMIZATION_LEVEL = 0;
				GCC_PREPROCESSOR_DEFINITIONS = (
					"DEBUG=1",
					"$(inherited)",
				);
				GCC_WARN_64_TO_32_BIT_CONVERSION = YES;
				GCC_WARN_ABOUT_RETURN_TYPE = YES_ERROR;
				GCC_WARN_UNDECLARED_SELECTOR = YES;
				GCC_WARN_UNINITIALIZED_AUTOS = YES_AGGRESSIVE;
				GCC_WARN_UNUSED_FUNCTION = YES;
				GCC_WARN_UNUSED_VARIABLE = YES;
				IPHONEOS_DEPLOYMENT_TARGET = 12.1;
				MTL_ENABLE_DEBUG_INFO = INCLUDE_SOURCE;
				MTL_FAST_MATH = YES;
				ONLY_ACTIVE_ARCH = YES;
				SDKROOT = iphoneos;
				SWIFT_ACTIVE_COMPILATION_CONDITIONS = DEBUG;
				SWIFT_OPTIMIZATION_LEVEL = "-Onone";
			};
			name = Debug;
		};
		47C062DD21CD40AD007E6EE1 /* Release */ = {
			isa = XCBuildConfiguration;
			buildSettings = {
				ALWAYS_SEARCH_USER_PATHS = NO;
				CLANG_ANALYZER_NONNULL = YES;
				CLANG_ANALYZER_NUMBER_OBJECT_CONVERSION = YES_AGGRESSIVE;
				CLANG_CXX_LANGUAGE_STANDARD = "gnu++14";
				CLANG_CXX_LIBRARY = "libc++";
				CLANG_ENABLE_MODULES = YES;
				CLANG_ENABLE_OBJC_ARC = YES;
				CLANG_ENABLE_OBJC_WEAK = YES;
				CLANG_WARN_BLOCK_CAPTURE_AUTORELEASING = YES;
				CLANG_WARN_BOOL_CONVERSION = YES;
				CLANG_WARN_COMMA = YES;
				CLANG_WARN_CONSTANT_CONVERSION = YES;
				CLANG_WARN_DEPRECATED_OBJC_IMPLEMENTATIONS = YES;
				CLANG_WARN_DIRECT_OBJC_ISA_USAGE = YES_ERROR;
				CLANG_WARN_DOCUMENTATION_COMMENTS = YES;
				CLANG_WARN_EMPTY_BODY = YES;
				CLANG_WARN_ENUM_CONVERSION = YES;
				CLANG_WARN_INFINITE_RECURSION = YES;
				CLANG_WARN_INT_CONVERSION = YES;
				CLANG_WARN_NON_LITERAL_NULL_CONVERSION = YES;
				CLANG_WARN_OBJC_IMPLICIT_RETAIN_SELF = YES;
				CLANG_WARN_OBJC_LITERAL_CONVERSION = YES;
				CLANG_WARN_OBJC_ROOT_CLASS = YES_ERROR;
				CLANG_WARN_RANGE_LOOP_ANALYSIS = YES;
				CLANG_WARN_STRICT_PROTOTYPES = YES;
				CLANG_WARN_SUSPICIOUS_MOVE = YES;
				CLANG_WARN_UNGUARDED_AVAILABILITY = YES_AGGRESSIVE;
				CLANG_WARN_UNREACHABLE_CODE = YES;
				CLANG_WARN__DUPLICATE_METHOD_MATCH = YES;
				CODE_SIGN_IDENTITY = "iPhone Developer";
				COPY_PHASE_STRIP = NO;
				DEBUG_INFORMATION_FORMAT = "dwarf-with-dsym";
				ENABLE_NS_ASSERTIONS = NO;
				ENABLE_STRICT_OBJC_MSGSEND = YES;
				GCC_C_LANGUAGE_STANDARD = gnu11;
				GCC_NO_COMMON_BLOCKS = YES;
				GCC_WARN_64_TO_32_BIT_CONVERSION = YES;
				GCC_WARN_ABOUT_RETURN_TYPE = YES_ERROR;
				GCC_WARN_UNDECLARED_SELECTOR = YES;
				GCC_WARN_UNINITIALIZED_AUTOS = YES_AGGRESSIVE;
				GCC_WARN_UNUSED_FUNCTION = YES;
				GCC_WARN_UNUSED_VARIABLE = YES;
				IPHONEOS_DEPLOYMENT_TARGET = 12.1;
				MTL_ENABLE_DEBUG_INFO = NO;
				MTL_FAST_MATH = YES;
				SDKROOT = iphoneos;
				SWIFT_COMPILATION_MODE = wholemodule;
				SWIFT_OPTIMIZATION_LEVEL = "-O";
				VALIDATE_PRODUCT = YES;
			};
			name = Release;
		};
		47C062DF21CD40AD007E6EE1 /* Debug */ = {
			isa = XCBuildConfiguration;
			buildSettings = {
				ASSETCATALOG_COMPILER_APPICON_NAME = AppIcon;
				CODE_SIGN_STYLE = Automatic;
				DEVELOPMENT_TEAM = 3C89SN4EK8;
				INFOPLIST_FILE = FastlaneSnapshotXamarinTest/Info.plist;
				LD_RUNPATH_SEARCH_PATHS = (
					"$(inherited)",
					"@executable_path/Frameworks",
				);
				PRODUCT_BUNDLE_IDENTIFIER = com.bohdanhrybach.FastlaneSnapshotXamarinTest;
				PRODUCT_NAME = "$(TARGET_NAME)";
				SWIFT_VERSION = 4.2;
				TARGETED_DEVICE_FAMILY = "1,2";
			};
			name = Debug;
		};
		47C062E021CD40AD007E6EE1 /* Release */ = {
			isa = XCBuildConfiguration;
			buildSettings = {
				ASSETCATALOG_COMPILER_APPICON_NAME = AppIcon;
				CODE_SIGN_STYLE = Automatic;
				DEVELOPMENT_TEAM = 3C89SN4EK8;
				INFOPLIST_FILE = FastlaneSnapshotXamarinTest/Info.plist;
				LD_RUNPATH_SEARCH_PATHS = (
					"$(inherited)",
					"@executable_path/Frameworks",
				);
				PRODUCT_BUNDLE_IDENTIFIER = com.bohdanhrybach.FastlaneSnapshotXamarinTest;
				PRODUCT_NAME = "$(TARGET_NAME)";
				SWIFT_VERSION = 4.2;
				TARGETED_DEVICE_FAMILY = "1,2";
			};
			name = Release;
		};
		47C062E221CD40AD007E6EE1 /* Debug */ = {
			isa = XCBuildConfiguration;
			buildSettings = {
				ALWAYS_EMBED_SWIFT_STANDARD_LIBRARIES = YES;
				CODE_SIGN_STYLE = Automatic;
				DEVELOPMENT_TEAM = 3C89SN4EK8;
				INFOPLIST_FILE = FastlaneSnapshotXamarinTestUITests/Info.plist;
				LD_RUNPATH_SEARCH_PATHS = (
					"$(inherited)",
					"@executable_path/Frameworks",
					"@loader_path/Frameworks",
				);
				PRODUCT_BUNDLE_IDENTIFIER = com.bohdanhrybach.FastlaneSnapshotXamarinTestUITests;
				PRODUCT_NAME = "$(TARGET_NAME)";
				SWIFT_VERSION = 4.2;
				TARGETED_DEVICE_FAMILY = "1,2";
				TEST_TARGET_NAME = FastlaneSnapshotXamarinTest;
			};
			name = Debug;
		};
		47C062E321CD40AD007E6EE1 /* Release */ = {
			isa = XCBuildConfiguration;
			buildSettings = {
				ALWAYS_EMBED_SWIFT_STANDARD_LIBRARIES = YES;
				CODE_SIGN_STYLE = Automatic;
				DEVELOPMENT_TEAM = 3C89SN4EK8;
				INFOPLIST_FILE = FastlaneSnapshotXamarinTestUITests/Info.plist;
				LD_RUNPATH_SEARCH_PATHS = (
					"$(inherited)",
					"@executable_path/Frameworks",
					"@loader_path/Frameworks",
				);
				PRODUCT_BUNDLE_IDENTIFIER = com.bohdanhrybach.FastlaneSnapshotXamarinTestUITests;
				PRODUCT_NAME = "$(TARGET_NAME)";
				SWIFT_VERSION = 4.2;
				TARGETED_DEVICE_FAMILY = "1,2";
				TEST_TARGET_NAME = FastlaneSnapshotXamarinTest;
			};
			name = Release;
		};
/* End XCBuildConfiguration section */

/* Begin XCConfigurationList section */
		47C062BC21CD40AC007E6EE1 /* Build configuration list for PBXProject "FastlaneSnapshotXamarinTest" */ = {
			isa = XCConfigurationList;
			buildConfigurations = (
				47C062DC21CD40AD007E6EE1 /* Debug */,
				47C062DD21CD40AD007E6EE1 /* Release */,
			);
			defaultConfigurationIsVisible = 0;
			defaultConfigurationName = Release;
		};
		47C062DE21CD40AD007E6EE1 /* Build configuration list for PBXNativeTarget "FastlaneSnapshotXamarinTest" */ = {
			isa = XCConfigurationList;
			buildConfigurations = (
				47C062DF21CD40AD007E6EE1 /* Debug */,
				47C062E021CD40AD007E6EE1 /* Release */,
			);
			defaultConfigurationIsVisible = 0;
			defaultConfigurationName = Release;
		};
		47C062E121CD40AD007E6EE1 /* Build configuration list for PBXNativeTarget "FastlaneSnapshotXamarinTestUITests" */ = {
			isa = XCConfigurationList;
			buildConfigurations = (
				47C062E221CD40AD007E6EE1 /* Debug */,
				47C062E321CD40AD007E6EE1 /* Release */,
			);
			defaultConfigurationIsVisible = 0;
			defaultConfigurationName = Release;
		};
/* End XCConfigurationList section */
	};
	rootObject = 47C062B921CD40AC007E6EE1 /* Project object */;
}
